
Microsoft Visual Studio Solution File, Format Version 12.00
# Visual Studio 15
VisualStudioVersion = 15.0.26228.4
MinimumVisualStudioVersion = 10.0.40219.1
Project("{9A19103F-16F7-4668-BE54-9A1E7A4F7556}") = "ConsoleTests", "ConsoleTests\ConsoleTests.csproj", "{6987CF02-DDF3-46A7-8513-F528AF499958}"
EndProject
Project("{9A19103F-16F7-4668-BE54-9A1E7A4F7556}") = "Contracts.Datalayer.CouchDb", "Contracts.Datalayer.CouchDb\Contracts.Datalayer.CouchDb.csproj", "{5F6357BB-2965-46B9-BAA4-C72060998B61}"
EndProject
Global
	GlobalSection(SolutionConfigurationPlatforms) = preSolution
		Debug|Any CPU = Debug|Any CPU
		Debug|x64 = Debug|x64
		Debug|x86 = Debug|x86
		Release|Any CPU = Release|Any CPU
		Release|x64 = Release|x64
		Release|x86 = Release|x86
	EndGlobalSection
	GlobalSection(ProjectConfigurationPlatforms) = postSolution
		{5F6357BB-2965-46B9-BAA4-C72060998B61}.Debug|Any CPU.ActiveCfg = Debug|Any CPU
		{5F6357BB-2965-46B9-BAA4-C72060998B61}.Debug|Any CPU.Build.0 = Debug|Any CPU
		{5F6357BB-2965-46B9-BAA4-C72060998B61}.Debug|x64.ActiveCfg = Debug|Any CPU
		{5F6357BB-2965-46B9-BAA4-C72060998B61}.Debug|x64.Build.0 = Debug|Any CPU
		{5F6357BB-2965-46B9-BAA4-C72060998B61}.Debug|x86.ActiveCfg = Debug|Any CPU
		{5F6357BB-2965-46B9-BAA4-C72060998B61}.Debug|x86.Build.0 = Debug|Any CPU
		{5F6357BB-2965-46B9-BAA4-C72060998B61}.Release|Any CPU.ActiveCfg = Release|Any CPU
		{5F6357BB-2965-46B9-BAA4-C72060998B61}.Release|Any CPU.Build.0 = Release|Any CPU
		{5F6357BB-2965-46B9-BAA4-C72060998B61}.Release|x64.ActiveCfg = Release|Any CPU
		{5F6357BB-2965-46B9-BAA4-C72060998B61}.Release|x64.Build.0 = Release|Any CPU
		{5F6357BB-2965-46B9-BAA4-C72060998B61}.Release|x86.ActiveCfg = Release|Any CPU
		{5F6357BB-2965-46B9-BAA4-C72060998B61}.Release|x86.Build.0 = Release|Any CPU
		{8058998E-7CFC-4550-B873-111B24B6ED9F}.Debug|Any CPU.ActiveCfg = Debug|Any CPU
		{8058998E-7CFC-4550-B873-111B24B6ED9F}.Debug|Any CPU.Build.0 = Debug|Any CPU
		{8058998E-7CFC-4550-B873-111B24B6ED9F}.Debug|x64.ActiveCfg = Debug|Any CPU
		{8058998E-7CFC-4550-B873-111B24B6ED9F}.Debug|x64.Build.0 = Debug|Any CPU
		{8058998E-7CFC-4550-B873-111B24B6ED9F}.Debug|x86.ActiveCfg = Debug|Any CPU
		{8058998E-7CFC-4550-B873-111B24B6ED9F}.Debug|x86.Build.0 = Debug|Any CPU
		{8058998E-7CFC-4550-B873-111B24B6ED9F}.Release|Any CPU.ActiveCfg = Release|Any CPU
		{8058998E-7CFC-4550-B873-111B24B6ED9F}.Release|Any CPU.Build.0 = Release|Any CPU
		{8058998E-7CFC-4550-B873-111B24B6ED9F}.Release|x64.ActiveCfg = Release|Any CPU
		{8058998E-7CFC-4550-B873-111B24B6ED9F}.Release|x64.Build.0 = Release|Any CPU
		{8058998E-7CFC-4550-B873-111B24B6ED9F}.Release|x86.ActiveCfg = Release|Any CPU
		{8058998E-7CFC-4550-B873-111B24B6ED9F}.Release|x86.Build.0 = Release|Any CPU
		{6987CF02-DDF3-46A7-8513-F528AF499958}.Debug|Any CPU.ActiveCfg = Debug|Any CPU
		{6987CF02-DDF3-46A7-8513-F528AF499958}.Debug|Any CPU.Build.0 = Debug|Any CPU
		{6987CF02-DDF3-46A7-8513-F528AF499958}.Debug|x64.ActiveCfg = Debug|Any CPU
		{6987CF02-DDF3-46A7-8513-F528AF499958}.Debug|x64.Build.0 = Debug|Any CPU
		{6987CF02-DDF3-46A7-8513-F528AF499958}.Debug|x86.ActiveCfg = Debug|Any CPU
		{6987CF02-DDF3-46A7-8513-F528AF499958}.Debug|x86.Build.0 = Debug|Any CPU
		{6987CF02-DDF3-46A7-8513-F528AF499958}.Release|Any CPU.ActiveCfg = Release|Any CPU
		{6987CF02-DDF3-46A7-8513-F528AF499958}.Release|Any CPU.Build.0 = Release|Any CPU
		{6987CF02-DDF3-46A7-8513-F528AF499958}.Release|x64.ActiveCfg = Release|Any CPU
		{6987CF02-DDF3-46A7-8513-F528AF499958}.Release|x64.Build.0 = Release|Any CPU
		{6987CF02-DDF3-46A7-8513-F528AF499958}.Release|x86.ActiveCfg = Release|Any CPU
		{6987CF02-DDF3-46A7-8513-F528AF499958}.Release|x86.Build.0 = Release|Any CPU
	EndGlobalSection
	GlobalSection(SolutionProperties) = preSolution
		HideSolutionNode = FALSE
	EndGlobalSection
EndGlobal
